{
  "name": "nodes-script",
  "version": "1.0.0",
  "lockfileVersion": 3,
  "requires": true,
  "packages": {
    "": {
      "name": "nodes-script",
      "version": "1.0.0",
      "license": "ISC",
      "dependencies": {
        "axios": "^1.7.2",
        "blessed": "^0.1.81",
        "blessed-contrib": "^4.11.0",
        "https": "^1.0.0",
        "macaddress": "^0.5.3",
        "minimist": "^1.2.8",
        "node-fetch": "^3.3.2",
        "node-pty": "^1.0.0",
        "open": "^10.1.0",
        "readline-sync": "^1.4.10",
        "simple-git": "^3.26.0",
        "systeminformation": "^5.22.8",
        "viem": "^2.13.3"
      },
      "optionalDependencies": {
        "osx-temperature-sensor": "^1.0.8"
      }
    },
    "node_modules/@adraffy/ens-normalize": {
      "version": "1.11.0",
      "resolved": "https://registry.npmjs.org/@adraffy/ens-normalize/-/ens-normalize-1.11.0.tgz",
      "integrity": "sha512-/3DDPKHqqIqxUULp8yP4zODUY1i+2xvVWsv8A79xGWdCAG+8sb0hRh0Rk2QyOJUnnbyPUAZYcpBuRe3nS2OIUg=="
    },
    "node_modules/@colors/colors": {
      "version": "1.5.0",
      "resolved": "https://registry.npmjs.org/@colors/colors/-/colors-1.5.0.tgz",
      "integrity": "sha512-ooWCrlZP11i8GImSjTHYHLkvFDP48nS4+204nGb1RiX/WXYHmJA2III9/e2DWVabCESdW7hBAEzHRqUn9OUVvQ==",
      "optional": true,
      "engines": {
        "node": ">=0.1.90"
      }
    },
    "node_modules/@kwsites/file-exists": {
      "version": "1.1.1",
      "resolved": "https://registry.npmjs.org/@kwsites/file-exists/-/file-exists-1.1.1.tgz",
      "integrity": "sha512-m9/5YGR18lIwxSFDwfE3oA7bWuq9kdau6ugN4H2rJeyhFQZcG9AgSHkQtSD15a8WvTgfz9aikZMrKPHvbpqFiw==",
      "dependencies": {
        "debug": "^4.1.1"
      }
    },
    "node_modules/@kwsites/promise-deferred": {
      "version": "1.1.1",
      "resolved": "https://registry.npmjs.org/@kwsites/promise-deferred/-/promise-deferred-1.1.1.tgz",
      "integrity": "sha512-GaHYm+c0O9MjZRu0ongGBRbinu8gVAMd2UZjji6jVmqKtZluZnptXGWhz1E8j8D2HJ3f/yMxKAUC0b+57wncIw=="
    },
    "node_modules/@noble/curves": {
      "version": "1.6.0",
      "resolved": "https://registry.npmjs.org/@noble/curves/-/curves-1.6.0.tgz",
      "integrity": "sha512-TlaHRXDehJuRNR9TfZDNQ45mMEd5dwUwmicsafcIX4SsNiqnCHKjE/1alYPd/lDRVhxdhUAlv8uEhMCI5zjIJQ==",
      "dependencies": {
        "@noble/hashes": "1.5.0"
      },
      "engines": {
        "node": "^14.21.3 || >=16"
      },
      "funding": {
        "url": "https://paulmillr.com/funding/"
      }
    },
    "node_modules/@noble/hashes": {
      "version": "1.5.0",
      "resolved": "https://registry.npmjs.org/@noble/hashes/-/hashes-1.5.0.tgz",
      "integrity": "sha512-1j6kQFb7QRru7eKN3ZDvRcP13rugwdxZqCjbiAVZfIJwgj2A65UmT4TgARXGlXgnRkORLTDTrO19ZErt7+QXgA==",
      "engines": {
        "node": "^14.21.3 || >=16"
      },
      "funding": {
        "url": "https://paulmillr.com/funding/"
      }
    },
    "node_modules/@scure/base": {
      "version": "1.1.9",
      "resolved": "https://registry.npmjs.org/@scure/base/-/base-1.1.9.tgz",
      "integrity": "sha512-8YKhl8GHiNI/pU2VMaofa2Tor7PJRAjwQLBBuilkJ9L5+13yVbC7JO/wS7piioAvPSwR3JKM1IJ/u4xQzbcXKg==",
      "funding": {
        "url": "https://paulmillr.com/funding/"
      }
    },
    "node_modules/@scure/bip32": {
      "version": "1.5.0",
      "resolved": "https://registry.npmjs.org/@scure/bip32/-/bip32-1.5.0.tgz",
      "integrity": "sha512-8EnFYkqEQdnkuGBVpCzKxyIwDCBLDVj3oiX0EKUFre/tOjL/Hqba1D6n/8RcmaQy4f95qQFrO2A8Sr6ybh4NRw==",
      "dependencies": {
        "@noble/curves": "~1.6.0",
        "@noble/hashes": "~1.5.0",
        "@scure/base": "~1.1.7"
      },
      "funding": {
        "url": "https://paulmillr.com/funding/"
      }
    },
    "node_modules/@scure/bip39": {
      "version": "1.4.0",
      "resolved": "https://registry.npmjs.org/@scure/bip39/-/bip39-1.4.0.tgz",
      "integrity": "sha512-BEEm6p8IueV/ZTfQLp/0vhw4NPnT9oWf5+28nvmeUICjP99f4vr2d+qc7AVGDDtwRep6ifR43Yed9ERVmiITzw==",
      "dependencies": {
        "@noble/hashes": "~1.5.0",
        "@scure/base": "~1.1.8"
      },
      "funding": {
        "url": "https://paulmillr.com/funding/"
      }
    },
    "node_modules/abbrev": {
      "version": "1.1.1",
      "resolved": "https://registry.npmjs.org/abbrev/-/abbrev-1.1.1.tgz",
      "integrity": "sha512-nne9/IiQ/hzIhY6pdDnbBtz7DjPTKrY00P/zvPSm5pOFkl6xuGrGnXn/VtTNNfNtAfZ9/1RtehkszU9qcTii0Q=="
    },
    "node_modules/abitype": {
      "version": "1.0.6",
      "resolved": "https://registry.npmjs.org/abitype/-/abitype-1.0.6.tgz",
      "integrity": "sha512-MMSqYh4+C/aVqI2RQaWqbvI4Kxo5cQV40WQ4QFtDnNzCkqChm8MuENhElmynZlO0qUy/ObkEUaXtKqYnx1Kp3A==",
      "funding": {
        "url": "https://github.com/sponsors/wevm"
      },
      "peerDependencies": {
        "typescript": ">=5.0.4",
        "zod": "^3 >=3.22.0"
      },
      "peerDependenciesMeta": {
        "typescript": {
          "optional": true
        },
        "zod": {
          "optional": true
        }
      }
    },
    "node_modules/ansi-escapes": {
      "version": "6.2.1",
      "resolved": "https://registry.npmjs.org/ansi-escapes/-/ansi-escapes-6.2.1.tgz",
      "integrity": "sha512-4nJ3yixlEthEJ9Rk4vPcdBRkZvQZlYyu8j4/Mqz5sgIkddmEnH2Yj2ZrnP9S3tQOvSNRUIgVNF/1yPpRAGNRig==",
      "engines": {
        "node": ">=14.16"
      },
      "funding": {
        "url": "https://github.com/sponsors/sindresorhus"
      }
    },
    "node_modules/ansi-regex": {
      "version": "2.1.1",
      "resolved": "https://registry.npmjs.org/ansi-regex/-/ansi-regex-2.1.1.tgz",
      "integrity": "sha512-TIGnTpdo+E3+pCyAluZvtED5p5wCqLdezCyhPZzKPcxvFplEt4i+W7OONCKgeZFT3+y5NZZfOOS/Bdcanm1MYA==",
      "engines": {
        "node": ">=0.10.0"
      }
    },
    "node_modules/ansi-styles": {
      "version": "2.2.1",
      "resolved": "https://registry.npmjs.org/ansi-styles/-/ansi-styles-2.2.1.tgz",
      "integrity": "sha512-kmCevFghRiWM7HB5zTPULl4r9bVFSWjz62MhqizDGUrq2NWuNMQyuv4tHHoKJHs69M/MF64lEcHdYIocrdWQYA==",
      "engines": {
        "node": ">=0.10.0"
      }
    },
    "node_modules/ansi-term": {
      "version": "0.0.2",
      "resolved": "https://registry.npmjs.org/ansi-term/-/ansi-term-0.0.2.tgz",
      "integrity": "sha512-jLnGE+n8uAjksTJxiWZf/kcUmXq+cRWSl550B9NmQ8YiqaTM+lILcSe5dHdp8QkJPhaOghDjnMKwyYSMjosgAA==",
      "dependencies": {
        "x256": ">=0.0.1"
      }
    },
    "node_modules/ansicolors": {
      "version": "0.3.2",
      "resolved": "https://registry.npmjs.org/ansicolors/-/ansicolors-0.3.2.tgz",
      "integrity": "sha512-QXu7BPrP29VllRxH8GwB7x5iX5qWKAAMLqKQGWTeLWVlNHNOpVMJ91dsxQAIWXpjuW5wqvxu3Jd/nRjrJ+0pqg=="
    },
    "node_modules/asynckit": {
      "version": "0.4.0",
      "resolved": "https://registry.npmjs.org/asynckit/-/asynckit-0.4.0.tgz",
      "integrity": "sha512-Oei9OH4tRh0YqU3GxhX79dM/mwVgvbZJaSNaRk+bshkj0S5cfHcgYakreBjrHwatXKbz+IoIdYLxrKim2MjW0Q=="
    },
    "node_modules/axios": {
      "version": "1.7.7",
      "resolved": "https://registry.npmjs.org/axios/-/axios-1.7.7.tgz",
      "integrity": "sha512-S4kL7XrjgBmvdGut0sN3yJxqYzrDOnivkBiN0OFs6hLiUam3UPvswUo0kqGyhqUZGEOytHyumEdXsAkgCOUf3Q==",
      "dependencies": {
        "follow-redirects": "^1.15.6",
        "form-data": "^4.0.0",
        "proxy-from-env": "^1.1.0"
      }
    },
    "node_modules/blessed": {
      "version": "0.1.81",
      "resolved": "https://registry.npmjs.org/blessed/-/blessed-0.1.81.tgz",
      "integrity": "sha512-LoF5gae+hlmfORcG1M5+5XZi4LBmvlXTzwJWzUlPryN/SJdSflZvROM2TwkT0GMpq7oqT48NRd4GS7BiVBc5OQ==",
      "bin": {
        "blessed": "bin/tput.js"
      },
      "engines": {
        "node": ">= 0.8.0"
      }
    },
    "node_modules/blessed-contrib": {
      "version": "4.11.0",
      "resolved": "https://registry.npmjs.org/blessed-contrib/-/blessed-contrib-4.11.0.tgz",
      "integrity": "sha512-P00Xji3xPp53+FdU9f74WpvnOAn/SS0CKLy4vLAf5Ps7FGDOTY711ruJPZb3/7dpFuP+4i7f4a/ZTZdLlKG9WA==",
      "dependencies": {
        "ansi-term": ">=0.0.2",
        "chalk": "^1.1.0",
        "drawille-canvas-blessed-contrib": ">=0.1.3",
        "lodash": "~>=4.17.21",
        "map-canvas": ">=0.1.5",
        "marked": "^4.0.12",
        "marked-terminal": "^5.1.1",
        "memory-streams": "^0.1.0",
        "memorystream": "^0.3.1",
        "picture-tuber": "^1.0.1",
        "sparkline": "^0.1.1",
        "strip-ansi": "^3.0.0",
        "term-canvas": "0.0.5",
        "x256": ">=0.0.1"
      }
    },
    "node_modules/bresenham": {
      "version": "0.0.3",
      "resolved": "https://registry.npmjs.org/bresenham/-/bresenham-0.0.3.tgz",
      "integrity": "sha512-wbMxoJJM1p3+6G7xEFXYNCJ30h2qkwmVxebkbwIl4OcnWtno5R3UT9VuYLfStlVNAQCmRjkGwjPFdfaPd4iNXw=="
    },
    "node_modules/buffers": {
      "version": "0.1.1",
      "resolved": "https://registry.npmjs.org/buffers/-/buffers-0.1.1.tgz",
      "integrity": "sha512-9q/rDEGSb/Qsvv2qvzIzdluL5k7AaJOTrw23z9reQthrbF7is4CtlT0DXyO1oei2DCp4uojjzQ7igaSHp1kAEQ==",
      "engines": {
        "node": ">=0.2.0"
      }
    },
    "node_modules/bundle-name": {
      "version": "4.1.0",
      "resolved": "https://registry.npmjs.org/bundle-name/-/bundle-name-4.1.0.tgz",
      "integrity": "sha512-tjwM5exMg6BGRI+kNmTntNsvdZS1X8BFYS6tnJ2hdH0kVxM6/eVZ2xy+FqStSWvYmtfFMDLIxurorHwDKfDz5Q==",
      "dependencies": {
        "run-applescript": "^7.0.0"
      },
      "engines": {
        "node": ">=18"
      },
      "funding": {
        "url": "https://github.com/sponsors/sindresorhus"
      }
    },
    "node_modules/cardinal": {
      "version": "2.1.1",
      "resolved": "https://registry.npmjs.org/cardinal/-/cardinal-2.1.1.tgz",
      "integrity": "sha512-JSr5eOgoEymtYHBjNWyjrMqet9Am2miJhlfKNdqLp6zoeAh0KN5dRAcxlecj5mAJrmQomgiOBj35xHLrFjqBpw==",
      "dependencies": {
        "ansicolors": "~0.3.2",
        "redeyed": "~2.1.0"
      },
      "bin": {
        "cdl": "bin/cdl.js"
      }
    },
    "node_modules/chalk": {
      "version": "1.1.3",
      "resolved": "https://registry.npmjs.org/chalk/-/chalk-1.1.3.tgz",
      "integrity": "sha512-U3lRVLMSlsCfjqYPbLyVv11M9CPW4I728d6TCKMAOJueEeB9/8o+eSsMnxPJD+Q+K909sdESg7C+tIkoH6on1A==",
      "dependencies": {
        "ansi-styles": "^2.2.1",
        "escape-string-regexp": "^1.0.2",
        "has-ansi": "^2.0.0",
        "strip-ansi": "^3.0.0",
        "supports-color": "^2.0.0"
      },
      "engines": {
        "node": ">=0.10.0"
      }
    },
    "node_modules/charm": {
      "version": "0.1.2",
      "resolved": "https://registry.npmjs.org/charm/-/charm-0.1.2.tgz",
      "integrity": "sha512-syedaZ9cPe7r3hoQA9twWYKu5AIyCswN5+szkmPBe9ccdLrj4bYaCnLVPTLd2kgVRc7+zoX4tyPgRnFKCj5YjQ=="
    },
    "node_modules/cli-table3": {
      "version": "0.6.5",
      "resolved": "https://registry.npmjs.org/cli-table3/-/cli-table3-0.6.5.tgz",
      "integrity": "sha512-+W/5efTR7y5HRD7gACw9yQjqMVvEMLBHmboM/kPWam+H+Hmyrgjh6YncVKK122YZkXrLudzTuAukUw9FnMf7IQ==",
      "dependencies": {
        "string-width": "^4.2.0"
      },
      "engines": {
        "node": "10.* || >= 12.*"
      },
      "optionalDependencies": {
        "@colors/colors": "1.5.0"
      }
    },
    "node_modules/combined-stream": {
      "version": "1.0.8",
      "resolved": "https://registry.npmjs.org/combined-stream/-/combined-stream-1.0.8.tgz",
      "integrity": "sha512-FQN4MRfuJeHf7cBbBMJFXhKSDq+2kAArBlmRBvcvFE5BB1HZKXtSFASDhdlz9zOYwxh8lDdnvmMOe/+5cdoEdg==",
      "dependencies": {
        "delayed-stream": "~1.0.0"
      },
      "engines": {
        "node": ">= 0.8"
      }
    },
    "node_modules/core-util-is": {
      "version": "1.0.3",
      "resolved": "https://registry.npmjs.org/core-util-is/-/core-util-is-1.0.3.tgz",
      "integrity": "sha512-ZQBvi1DcpJ4GDqanjucZ2Hj3wEO5pZDS89BWbkcrvdxksJorwUDDZamX9ldFkp9aw2lmBDLgkObEA4DWNJ9FYQ=="
    },
    "node_modules/data-uri-to-buffer": {
      "version": "4.0.1",
      "resolved": "https://registry.npmjs.org/data-uri-to-buffer/-/data-uri-to-buffer-4.0.1.tgz",
      "integrity": "sha512-0R9ikRb668HB7QDxT1vkpuUBtqc53YyAwMwGeUFKRojY/NWKvdZ+9UYtRfGmhqNbRkTSVpMbmyhXipFFv2cb/A==",
      "engines": {
        "node": ">= 12"
      }
    },
    "node_modules/debug": {
      "version": "4.3.7",
      "resolved": "https://registry.npmjs.org/debug/-/debug-4.3.7.tgz",
      "integrity": "sha512-Er2nc/H7RrMXZBFCEim6TCmMk02Z8vLC2Rbi1KEBggpo0fS6l0S1nnapwmIi3yW/+GOJap1Krg4w0Hg80oCqgQ==",
      "dependencies": {
        "ms": "^2.1.3"
      },
      "engines": {
        "node": ">=6.0"
      },
      "peerDependenciesMeta": {
        "supports-color": {
          "optional": true
        }
      }
    },
    "node_modules/default-browser": {
      "version": "5.2.1",
      "resolved": "https://registry.npmjs.org/default-browser/-/default-browser-5.2.1.tgz",
      "integrity": "sha512-WY/3TUME0x3KPYdRRxEJJvXRHV4PyPoUsxtZa78lwItwRQRHhd2U9xOscaT/YTf8uCXIAjeJOFBVEh/7FtD8Xg==",
      "dependencies": {
        "bundle-name": "^4.1.0",
        "default-browser-id": "^5.0.0"
      },
      "engines": {
        "node": ">=18"
      },
      "funding": {
        "url": "https://github.com/sponsors/sindresorhus"
      }
    },
    "node_modules/default-browser-id": {
      "version": "5.0.0",
      "resolved": "https://registry.npmjs.org/default-browser-id/-/default-browser-id-5.0.0.tgz",
      "integrity": "sha512-A6p/pu/6fyBcA1TRz/GqWYPViplrftcW2gZC9q79ngNCKAeR/X3gcEdXQHl4KNXV+3wgIJ1CPkJQ3IHM6lcsyA==",
      "engines": {
        "node": ">=18"
      },
      "funding": {
        "url": "https://github.com/sponsors/sindresorhus"
      }
    },
    "node_modules/define-lazy-prop": {
      "version": "3.0.0",
      "resolved": "https://registry.npmjs.org/define-lazy-prop/-/define-lazy-prop-3.0.0.tgz",
      "integrity": "sha512-N+MeXYoqr3pOgn8xfyRPREN7gHakLYjhsHhWGT3fWAiL4IkAt0iDw14QiiEm2bE30c5XX5q0FtAA3CK5f9/BUg==",
      "engines": {
        "node": ">=12"
      },
      "funding": {
        "url": "https://github.com/sponsors/sindresorhus"
      }
    },
    "node_modules/delayed-stream": {
      "version": "1.0.0",
      "resolved": "https://registry.npmjs.org/delayed-stream/-/delayed-stream-1.0.0.tgz",
      "integrity": "sha512-ZySD7Nf91aLB0RxL4KGrKHBXl7Eds1DAmEdcoVawXnLD7SDhpNgtuII2aAkg7a7QS41jxPSZ17p4VdGnMHk3MQ==",
      "engines": {
        "node": ">=0.4.0"
      }
    },
    "node_modules/drawille-blessed-contrib": {
      "version": "1.0.0",
      "resolved": "https://registry.npmjs.org/drawille-blessed-contrib/-/drawille-blessed-contrib-1.0.0.tgz",
      "integrity": "sha512-WnHMgf5en/hVOsFhxLI8ZX0qTJmerOsVjIMQmn4cR1eI8nLGu+L7w5ENbul+lZ6w827A3JakCuernES5xbHLzQ=="
    },
    "node_modules/drawille-canvas-blessed-contrib": {
      "version": "0.1.3",
      "resolved": "https://registry.npmjs.org/drawille-canvas-blessed-contrib/-/drawille-canvas-blessed-contrib-0.1.3.tgz",
      "integrity": "sha512-bdDvVJOxlrEoPLifGDPaxIzFh3cD7QH05ePoQ4fwnqfi08ZSxzEhOUpI5Z0/SQMlWgcCQOEtuw0zrwezacXglw==",
      "dependencies": {
        "ansi-term": ">=0.0.2",
        "bresenham": "0.0.3",
        "drawille-blessed-contrib": ">=0.0.1",
        "gl-matrix": "^2.1.0",
        "x256": ">=0.0.1"
      }
    },
    "node_modules/emoji-regex": {
      "version": "8.0.0",
      "resolved": "https://registry.npmjs.org/emoji-regex/-/emoji-regex-8.0.0.tgz",
      "integrity": "sha512-MSjYzcWNOA0ewAHpz0MxpYFvwg6yjy1NG3xteoqz644VCo/RPgnr1/GGt+ic3iJTzQ8Eu3TdM14SawnVUmGE6A=="
    },
    "node_modules/escape-string-regexp": {
      "version": "1.0.5",
      "resolved": "https://registry.npmjs.org/escape-string-regexp/-/escape-string-regexp-1.0.5.tgz",
      "integrity": "sha512-vbRorB5FUQWvla16U8R/qgaFIya2qGzwDrNmCZuYKrbdSUMG6I1ZCGQRefkRVhuOkIGVne7BQ35DSfo1qvJqFg==",
      "engines": {
        "node": ">=0.8.0"
      }
    },
    "node_modules/esprima": {
      "version": "4.0.1",
      "resolved": "https://registry.npmjs.org/esprima/-/esprima-4.0.1.tgz",
      "integrity": "sha512-eGuFFw7Upda+g4p+QHvnW0RyTX/SVeJBDM/gCtMARO0cLuT2HcEKnTPvhjV6aGeqrCB/sbNop0Kszm0jsaWU4A==",
      "bin": {
        "esparse": "bin/esparse.js",
        "esvalidate": "bin/esvalidate.js"
      },
      "engines": {
        "node": ">=4"
      }
    },
    "node_modules/event-stream": {
      "version": "0.9.8",
      "resolved": "https://registry.npmjs.org/event-stream/-/event-stream-0.9.8.tgz",
      "integrity": "sha512-o5h0Mp1bkoR6B0i7pTCAzRy+VzdsRWH997KQD4Psb0EOPoKEIiaRx/EsOdUl7p1Ktjw7aIWvweI/OY1R9XrlUg==",
      "dependencies": {
        "optimist": "0.2"
      },
      "engines": {
        "node": "*"
      }
    },
    "node_modules/event-stream/node_modules/optimist": {
      "version": "0.2.8",
      "resolved": "https://registry.npmjs.org/optimist/-/optimist-0.2.8.tgz",
      "integrity": "sha512-Wy7E3cQDpqsTIFyW7m22hSevyTLxw850ahYv7FWsw4G6MIKVTZ8NSA95KBrQ95a4SMsMr1UGUUnwEFKhVaSzIg==",
      "dependencies": {
        "wordwrap": ">=0.0.1 <0.1.0"
      },
      "engines": {
        "node": "*"
      }
    },
    "node_modules/fetch-blob": {
      "version": "3.2.0",
      "resolved": "https://registry.npmjs.org/fetch-blob/-/fetch-blob-3.2.0.tgz",
      "integrity": "sha512-7yAQpD2UMJzLi1Dqv7qFYnPbaPx7ZfFK6PiIxQ4PfkGPyNyl2Ugx+a/umUonmKqjhM4DnfbMvdX6otXq83soQQ==",
      "funding": [
        {
          "type": "github",
          "url": "https://github.com/sponsors/jimmywarting"
        },
        {
          "type": "paypal",
          "url": "https://paypal.me/jimmywarting"
        }
      ],
      "dependencies": {
        "node-domexception": "^1.0.0",
        "web-streams-polyfill": "^3.0.3"
      },
      "engines": {
        "node": "^12.20 || >= 14.13"
      }
    },
    "node_modules/follow-redirects": {
      "version": "1.15.9",
      "resolved": "https://registry.npmjs.org/follow-redirects/-/follow-redirects-1.15.9.tgz",
      "integrity": "sha512-gew4GsXizNgdoRyqmyfMHyAmXsZDk6mHkSxZFCzW9gwlbtOW44CDtYavM+y+72qD/Vq2l550kMF52DT8fOLJqQ==",
      "funding": [
        {
          "type": "individual",
          "url": "https://github.com/sponsors/RubenVerborgh"
        }
      ],
      "engines": {
        "node": ">=4.0"
      },
      "peerDependenciesMeta": {
        "debug": {
          "optional": true
        }
      }
    },
    "node_modules/form-data": {
      "version": "4.0.1",
      "resolved": "https://registry.npmjs.org/form-data/-/form-data-4.0.1.tgz",
      "integrity": "sha512-tzN8e4TX8+kkxGPK8D5u0FNmjPUjw3lwC9lSLxxoB/+GtsJG91CO8bSWy73APlgAZzZbXEYZJuxjkHH2w+Ezhw==",
      "dependencies": {
        "asynckit": "^0.4.0",
        "combined-stream": "^1.0.8",
        "mime-types": "^2.1.12"
      },
      "engines": {
        "node": ">= 6"
      }
    },
    "node_modules/formdata-polyfill": {
      "version": "4.0.10",
      "resolved": "https://registry.npmjs.org/formdata-polyfill/-/formdata-polyfill-4.0.10.tgz",
      "integrity": "sha512-buewHzMvYL29jdeQTVILecSaZKnt/RJWjoZCF5OW60Z67/GmSLBkOFM7qh1PI3zFNtJbaZL5eQu1vLfazOwj4g==",
      "dependencies": {
        "fetch-blob": "^3.1.2"
      },
      "engines": {
        "node": ">=12.20.0"
      }
    },
    "node_modules/gl-matrix": {
      "version": "2.8.1",
      "resolved": "https://registry.npmjs.org/gl-matrix/-/gl-matrix-2.8.1.tgz",
      "integrity": "sha512-0YCjVpE3pS5XWlN3J4X7AiAx65+nqAI54LndtVFnQZB6G/FVLkZH8y8V6R3cIoOQR4pUdfwQGd1iwyoXHJ4Qfw=="
    },
    "node_modules/has-ansi": {
      "version": "2.0.0",
      "resolved": "https://registry.npmjs.org/has-ansi/-/has-ansi-2.0.0.tgz",
      "integrity": "sha512-C8vBJ8DwUCx19vhm7urhTuUsr4/IyP6l4VzNQDv+ryHQObW3TTTp9yB68WpYgRe2bbaGuZ/se74IqFeVnMnLZg==",
      "dependencies": {
        "ansi-regex": "^2.0.0"
      },
      "engines": {
        "node": ">=0.10.0"
      }
    },
    "node_modules/has-flag": {
      "version": "4.0.0",
      "resolved": "https://registry.npmjs.org/has-flag/-/has-flag-4.0.0.tgz",
      "integrity": "sha512-EykJT/Q1KjTWctppgIAgfSO0tKVuZUjhgMr17kqTumMl6Afv3EISleU7qZUzoXDFTAHTDC4NOoG/ZxU3EvlMPQ==",
      "engines": {
        "node": ">=8"
      }
    },
    "node_modules/here": {
      "version": "0.0.2",
      "resolved": "https://registry.npmjs.org/here/-/here-0.0.2.tgz",
      "integrity": "sha512-U7VYImCTcPoY27TSmzoiFsmWLEqQFaYNdpsPb9K0dXJhE6kufUqycaz51oR09CW85dDU9iWyy7At8M+p7hb3NQ=="
    },
    "node_modules/https": {
      "version": "1.0.0",
      "resolved": "https://registry.npmjs.org/https/-/https-1.0.0.tgz",
      "integrity": "sha512-4EC57ddXrkaF0x83Oj8sM6SLQHAWXw90Skqu2M4AEWENZ3F02dFJE/GARA8igO79tcgYqGrD7ae4f5L3um2lgg=="
    },
    "node_modules/inherits": {
      "version": "2.0.4",
      "resolved": "https://registry.npmjs.org/inherits/-/inherits-2.0.4.tgz",
      "integrity": "sha512-k/vGaX4/Yla3WzyMCvTQOXYeIHvqOKtnqBduzTHpzpQZzAskKMhZ2K+EnBiSM9zGSoIFeMpXKxa4dYeZIQqewQ=="
    },
    "node_modules/is-docker": {
      "version": "3.0.0",
      "resolved": "https://registry.npmjs.org/is-docker/-/is-docker-3.0.0.tgz",
      "integrity": "sha512-eljcgEDlEns/7AXFosB5K/2nCM4P7FQPkGc/DWLy5rmFEWvZayGrik1d9/QIY5nJ4f9YsVvBkA6kJpHn9rISdQ==",
      "bin": {
        "is-docker": "cli.js"
      },
      "engines": {
        "node": "^12.20.0 || ^14.13.1 || >=16.0.0"
      },
      "funding": {
        "url": "https://github.com/sponsors/sindresorhus"
      }
    },
    "node_modules/is-fullwidth-code-point": {
      "version": "3.0.0",
      "resolved": "https://registry.npmjs.org/is-fullwidth-code-point/-/is-fullwidth-code-point-3.0.0.tgz",
      "integrity": "sha512-zymm5+u+sCsSWyD9qNaejV3DFvhCKclKdizYaJUuHA83RLjb7nSuGnddCHGv0hk+KY7BMAlsWeK4Ueg6EV6XQg==",
      "engines": {
        "node": ">=8"
      }
    },
    "node_modules/is-inside-container": {
      "version": "1.0.0",
      "resolved": "https://registry.npmjs.org/is-inside-container/-/is-inside-container-1.0.0.tgz",
      "integrity": "sha512-KIYLCCJghfHZxqjYBE7rEy0OBuTd5xCHS7tHVgvCLkx7StIoaxwNW3hCALgEUjFfeRk+MG/Qxmp/vtETEF3tRA==",
      "dependencies": {
        "is-docker": "^3.0.0"
      },
      "bin": {
        "is-inside-container": "cli.js"
      },
      "engines": {
        "node": ">=14.16"
      },
      "funding": {
        "url": "https://github.com/sponsors/sindresorhus"
      }
    },
    "node_modules/is-wsl": {
      "version": "3.1.0",
      "resolved": "https://registry.npmjs.org/is-wsl/-/is-wsl-3.1.0.tgz",
      "integrity": "sha512-UcVfVfaK4Sc4m7X3dUSoHoozQGBEFeDC+zVo06t98xe8CzHSZZBekNXH+tu0NalHolcJ/QAGqS46Hef7QXBIMw==",
      "dependencies": {
        "is-inside-container": "^1.0.0"
      },
      "engines": {
        "node": ">=16"
      },
      "funding": {
        "url": "https://github.com/sponsors/sindresorhus"
      }
    },
    "node_modules/isarray": {
      "version": "0.0.1",
      "resolved": "https://registry.npmjs.org/isarray/-/isarray-0.0.1.tgz",
      "integrity": "sha512-D2S+3GLxWH+uhrNEcoh/fnmYeP8E8/zHl644d/jdA0g2uyXvy3sb0qxotE+ne0LtccHknQzWwZEzhak7oJ0COQ=="
    },
    "node_modules/isows": {
      "version": "1.0.6",
      "resolved": "https://registry.npmjs.org/isows/-/isows-1.0.6.tgz",
      "integrity": "sha512-lPHCayd40oW98/I0uvgaHKWCSvkzY27LjWLbtzOm64yQ+G3Q5npjjbdppU65iZXkK1Zt+kH9pfegli0AYfwYYw==",
      "funding": [
        {
          "type": "github",
          "url": "https://github.com/sponsors/wevm"
        }
      ],
      "peerDependencies": {
        "ws": "*"
      }
    },
    "node_modules/lodash": {
      "version": "4.17.21",
      "resolved": "https://registry.npmjs.org/lodash/-/lodash-4.17.21.tgz",
      "integrity": "sha512-v2kDEe57lecTulaDIuNTPy3Ry4gLGJ6Z1O3vE1krgXZNrsQ+LFTGHVxVjcXPs17LhbZVGedAJv8XZ1tvj5FvSg=="
    },
    "node_modules/macaddress": {
      "version": "0.5.3",
      "resolved": "https://registry.npmjs.org/macaddress/-/macaddress-0.5.3.tgz",
      "integrity": "sha512-vGBKTA+jwM4KgjGZ+S/8/Mkj9rWzePyGY6jManXPGhiWu63RYwW8dKPyk5koP+8qNVhPhHgFa1y/MJ4wrjsNrg=="
    },
    "node_modules/map-canvas": {
      "version": "0.1.5",
      "resolved": "https://registry.npmjs.org/map-canvas/-/map-canvas-0.1.5.tgz",
      "integrity": "sha512-f7M3sOuL9+up0NCOZbb1rQpWDLZwR/ftCiNbyscjl9LUUEwrRaoumH4sz6swgs58lF21DQ0hsYOCw5C6Zz7hbg==",
      "dependencies": {
        "drawille-canvas-blessed-contrib": ">=0.0.1",
        "xml2js": "^0.4.5"
      }
    },
    "node_modules/marked": {
      "version": "4.3.0",
      "resolved": "https://registry.npmjs.org/marked/-/marked-4.3.0.tgz",
      "integrity": "sha512-PRsaiG84bK+AMvxziE/lCFss8juXjNaWzVbN5tXAm4XjeaS9NAHhop+PjQxz2A9h8Q4M/xGmzP8vqNwy6JeK0A==",
      "bin": {
        "marked": "bin/marked.js"
      },
      "engines": {
        "node": ">= 12"
      }
    },
    "node_modules/marked-terminal": {
      "version": "5.2.0",
      "resolved": "https://registry.npmjs.org/marked-terminal/-/marked-terminal-5.2.0.tgz",
      "integrity": "sha512-Piv6yNwAQXGFjZSaiNljyNFw7jKDdGrw70FSbtxEyldLsyeuV5ZHm/1wW++kWbrOF1VPnUgYOhB2oLL0ZpnekA==",
      "dependencies": {
        "ansi-escapes": "^6.2.0",
        "cardinal": "^2.1.1",
        "chalk": "^5.2.0",
        "cli-table3": "^0.6.3",
        "node-emoji": "^1.11.0",
        "supports-hyperlinks": "^2.3.0"
      },
      "engines": {
        "node": ">=14.13.1 || >=16.0.0"
      },
      "peerDependencies": {
        "marked": "^1.0.0 || ^2.0.0 || ^3.0.0 || ^4.0.0 || ^5.0.0"
      }
    },
    "node_modules/marked-terminal/node_modules/chalk": {
      "version": "5.3.0",
      "resolved": "https://registry.npmjs.org/chalk/-/chalk-5.3.0.tgz",
      "integrity": "sha512-dLitG79d+GV1Nb/VYcCDFivJeK1hiukt9QjRNVOsUtTy1rR1YJsmpGGTZ3qJos+uw7WmWF4wUwBd9jxjocFC2w==",
      "engines": {
        "node": "^12.17.0 || ^14.13 || >=16.0.0"
      },
      "funding": {
        "url": "https://github.com/chalk/chalk?sponsor=1"
      }
    },
    "node_modules/memory-streams": {
      "version": "0.1.3",
      "resolved": "https://registry.npmjs.org/memory-streams/-/memory-streams-0.1.3.tgz",
      "integrity": "sha512-qVQ/CjkMyMInPaaRMrwWNDvf6boRZXaT/DbQeMYcCWuXPEBf1v8qChOc9OlEVQp2uOvRXa1Qu30fLmKhY6NipA==",
      "dependencies": {
        "readable-stream": "~1.0.2"
      }
    },
    "node_modules/memorystream": {
      "version": "0.3.1",
      "resolved": "https://registry.npmjs.org/memorystream/-/memorystream-0.3.1.tgz",
      "integrity": "sha512-S3UwM3yj5mtUSEfP41UZmt/0SCoVYUcU1rkXv+BQ5Ig8ndL4sPoJNBUJERafdPb5jjHJGuMgytgKvKIf58XNBw==",
      "engines": {
        "node": ">= 0.10.0"
      }
    },
    "node_modules/mime-db": {
      "version": "1.52.0",
      "resolved": "https://registry.npmjs.org/mime-db/-/mime-db-1.52.0.tgz",
      "integrity": "sha512-sPU4uV7dYlvtWJxwwxHD0PuihVNiE7TyAbQ5SWxDCB9mUYvOgroQOwYQQOKPJ8CIbE+1ETVlOoK1UC2nU3gYvg==",
      "engines": {
        "node": ">= 0.6"
      }
    },
    "node_modules/mime-types": {
      "version": "2.1.35",
      "resolved": "https://registry.npmjs.org/mime-types/-/mime-types-2.1.35.tgz",
      "integrity": "sha512-ZDY+bPm5zTTF+YpCrAU9nK0UgICYPT0QtT1NZWFv4s++TNkcgVaT0g6+4R2uI4MjQjzysHB1zxuWL50hzaeXiw==",
      "dependencies": {
        "mime-db": "1.52.0"
      },
      "engines": {
        "node": ">= 0.6"
      }
    },
    "node_modules/minimist": {
      "version": "1.2.8",
      "resolved": "https://registry.npmjs.org/minimist/-/minimist-1.2.8.tgz",
      "integrity": "sha512-2yyAR8qBkN3YuheJanUpWC5U3bb5osDywNB8RzDVlDwDHbocAJveqqj1u8+SVD7jkWT4yvsHCpWqqWqAxb0zCA==",
      "funding": {
        "url": "https://github.com/sponsors/ljharb"
      }
    },
    "node_modules/ms": {
      "version": "2.1.3",
      "resolved": "https://registry.npmjs.org/ms/-/ms-2.1.3.tgz",
      "integrity": "sha512-6FlzubTLZG3J2a/NVCAleEhjzq5oxgHyaCU9yYXvcLsvoVaHJq/s5xXI6/XXP6tz7R9xAOtHnSO/tXtF3WRTlA=="
    },
    "node_modules/nan": {
      "version": "2.22.0",
      "resolved": "https://registry.npmjs.org/nan/-/nan-2.22.0.tgz",
      "integrity": "sha512-nbajikzWTMwsW+eSsNm3QwlOs7het9gGJU5dDZzRTQGk03vyBOauxgI4VakDzE0PtsGTmXPsXTbbjVhRwR5mpw=="
    },
    "node_modules/node-domexception": {
      "version": "1.0.0",
      "resolved": "https://registry.npmjs.org/node-domexception/-/node-domexception-1.0.0.tgz",
      "integrity": "sha512-/jKZoMpw0F8GRwl4/eLROPA3cfcXtLApP0QzLmUT/HuPCZWyB7IY9ZrMeKw2O/nFIqPQB3PVM9aYm0F312AXDQ==",
      "funding": [
        {
          "type": "github",
          "url": "https://github.com/sponsors/jimmywarting"
        },
        {
          "type": "github",
          "url": "https://paypal.me/jimmywarting"
        }
      ],
      "engines": {
        "node": ">=10.5.0"
      }
    },
    "node_modules/node-emoji": {
      "version": "1.11.0",
      "resolved": "https://registry.npmjs.org/node-emoji/-/node-emoji-1.11.0.tgz",
      "integrity": "sha512-wo2DpQkQp7Sjm2A0cq+sN7EHKO6Sl0ctXeBdFZrL9T9+UywORbufTcTZxom8YqpLQt/FqNMUkOpkZrJVYSKD3A==",
      "dependencies": {
        "lodash": "^4.17.21"
      }
    },
    "node_modules/node-fetch": {
      "version": "3.3.2",
      "resolved": "https://registry.npmjs.org/node-fetch/-/node-fetch-3.3.2.tgz",
      "integrity": "sha512-dRB78srN/l6gqWulah9SrxeYnxeddIG30+GOqK/9OlLVyLg3HPnr6SqOWTWOXKRwC2eGYCkZ59NNuSgvSrpgOA==",
      "dependencies": {
        "data-uri-to-buffer": "^4.0.0",
        "fetch-blob": "^3.1.4",
        "formdata-polyfill": "^4.0.10"
      },
      "engines": {
        "node": "^12.20.0 || ^14.13.1 || >=16.0.0"
      },
      "funding": {
        "type": "opencollective",
        "url": "https://opencollective.com/node-fetch"
      }
    },
    "node_modules/node-pty": {
      "version": "1.0.0",
      "resolved": "https://registry.npmjs.org/node-pty/-/node-pty-1.0.0.tgz",
      "integrity": "sha512-wtBMWWS7dFZm/VgqElrTvtfMq4GzJ6+edFI0Y0zyzygUSZMgZdraDUMUhCIvkjhJjme15qWmbyJbtAx4ot4uZA==",
      "hasInstallScript": true,
      "dependencies": {
        "nan": "^2.17.0"
      }
    },
    "node_modules/nopt": {
      "version": "2.1.2",
      "resolved": "https://registry.npmjs.org/nopt/-/nopt-2.1.2.tgz",
      "integrity": "sha512-x8vXm7BZ2jE1Txrxh/hO74HTuYZQEbo8edoRcANgdZ4+PCV+pbjd/xdummkmjjC7LU5EjPzlu8zEq/oxWylnKA==",
      "dependencies": {
        "abbrev": "1"
      },
      "bin": {
        "nopt": "bin/nopt.js"
      }
    },
    "node_modules/open": {
      "version": "10.1.0",
      "resolved": "https://registry.npmjs.org/open/-/open-10.1.0.tgz",
      "integrity": "sha512-mnkeQ1qP5Ue2wd+aivTD3NHd/lZ96Lu0jgf0pwktLPtx6cTZiH7tyeGRRHs0zX0rbrahXPnXlUnbeXyaBBuIaw==",
      "dependencies": {
        "default-browser": "^5.2.1",
        "define-lazy-prop": "^3.0.0",
        "is-inside-container": "^1.0.0",
        "is-wsl": "^3.1.0"
      },
      "engines": {
        "node": ">=18"
      },
      "funding": {
        "url": "https://github.com/sponsors/sindresorhus"
      }
    },
    "node_modules/optimist": {
      "version": "0.3.7",
      "resolved": "https://registry.npmjs.org/optimist/-/optimist-0.3.7.tgz",
      "integrity": "sha512-TCx0dXQzVtSCg2OgY/bO9hjM9cV4XYx09TVK+s3+FhkjT6LovsLe+pPMzpWf+6yXK/hUizs2gUoTw3jHM0VaTQ==",
      "dependencies": {
        "wordwrap": "~0.0.2"
      }
    },
    "node_modules/osx-temperature-sensor": {
      "version": "1.0.8",
      "resolved": "https://registry.npmjs.org/osx-temperature-sensor/-/osx-temperature-sensor-1.0.8.tgz",
      "integrity": "sha512-Gl3b+bn7+oDDnqPa+4v/cg3yg9lnE8ppS7ivL3opBZh4i7h99JNmkm6zWmo0m2a83UUJu+C9D7lGP0OS8IlehA==",
      "hasInstallScript": true,
      "optional": true,
      "os": [
        "darwin"
      ],
      "engines": {
        "node": ">=4.0.0"
      }
    },
    "node_modules/picture-tuber": {
      "version": "1.0.2",
      "resolved": "https://registry.npmjs.org/picture-tuber/-/picture-tuber-1.0.2.tgz",
      "integrity": "sha512-49/xq+wzbwDeI32aPvwQJldM8pr7dKDRuR76IjztrkmiCkAQDaWFJzkmfVqCHmt/iFoPFhHmI9L0oKhthrTOQw==",
      "dependencies": {
        "buffers": "~0.1.1",
        "charm": "~0.1.0",
        "event-stream": "~0.9.8",
        "optimist": "~0.3.4",
        "png-js": "~0.1.0",
        "x256": "~0.0.1"
      },
      "bin": {
        "picture-tube": "bin/tube.js"
      },
      "engines": {
        "node": ">=0.4.0"
      }
    },
    "node_modules/png-js": {
      "version": "0.1.1",
      "resolved": "https://registry.npmjs.org/png-js/-/png-js-0.1.1.tgz",
      "integrity": "sha512-NTtk2SyfjBm+xYl2/VZJBhFnTQ4kU5qWC7VC4/iGbrgiU4FuB4xC+74erxADYJIqZICOR1HCvRA7EBHkpjTg9g=="
    },
    "node_modules/proxy-from-env": {
      "version": "1.1.0",
      "resolved": "https://registry.npmjs.org/proxy-from-env/-/proxy-from-env-1.1.0.tgz",
      "integrity": "sha512-D+zkORCbA9f1tdWRK0RaCR3GPv50cMxcrz4X8k5LTSUD1Dkw47mKJEZQNunItRTkWwgtaUSo1RVFRIG9ZXiFYg=="
    },
    "node_modules/readable-stream": {
      "version": "1.0.34",
      "resolved": "https://registry.npmjs.org/readable-stream/-/readable-stream-1.0.34.tgz",
      "integrity": "sha512-ok1qVCJuRkNmvebYikljxJA/UEsKwLl2nI1OmaqAu4/UE+h0wKCHok4XkL/gvi39OacXvw59RJUOFUkDib2rHg==",
      "dependencies": {
        "core-util-is": "~1.0.0",
        "inherits": "~2.0.1",
        "isarray": "0.0.1",
        "string_decoder": "~0.10.x"
      }
    },
    "node_modules/readline-sync": {
      "version": "1.4.10",
      "resolved": "https://registry.npmjs.org/readline-sync/-/readline-sync-1.4.10.tgz",
      "integrity": "sha512-gNva8/6UAe8QYepIQH/jQ2qn91Qj0B9sYjMBBs3QOB8F2CXcKgLxQaJRP76sWVRQt+QU+8fAkCbCvjjMFu7Ycw==",
      "engines": {
        "node": ">= 0.8.0"
      }
    },
    "node_modules/redeyed": {
      "version": "2.1.1",
      "resolved": "https://registry.npmjs.org/redeyed/-/redeyed-2.1.1.tgz",
      "integrity": "sha512-FNpGGo1DycYAdnrKFxCMmKYgo/mILAqtRYbkdQD8Ep/Hk2PQ5+aEAEx+IU713RTDmuBaH0c8P5ZozurNu5ObRQ==",
      "dependencies": {
        "esprima": "~4.0.0"
      }
    },
    "node_modules/run-applescript": {
      "version": "7.0.0",
      "resolved": "https://registry.npmjs.org/run-applescript/-/run-applescript-7.0.0.tgz",
      "integrity": "sha512-9by4Ij99JUr/MCFBUkDKLWK3G9HVXmabKz9U5MlIAIuvuzkiOicRYs8XJLxX+xahD+mLiiCYDqF9dKAgtzKP1A==",
      "engines": {
        "node": ">=18"
      },
      "funding": {
        "url": "https://github.com/sponsors/sindresorhus"
      }
    },
    "node_modules/sax": {
      "version": "1.4.1",
      "resolved": "https://registry.npmjs.org/sax/-/sax-1.4.1.tgz",
      "integrity": "sha512-+aWOz7yVScEGoKNd4PA10LZ8sk0A/z5+nXQG5giUO5rprX9jgYsTdov9qCchZiPIZezbZH+jRut8nPodFAX4Jg=="
    },
    "node_modules/simple-git": {
      "version": "3.27.0",
      "resolved": "https://registry.npmjs.org/simple-git/-/simple-git-3.27.0.tgz",
      "integrity": "sha512-ivHoFS9Yi9GY49ogc6/YAi3Fl9ROnF4VyubNylgCkA+RVqLaKWnDSzXOVzya8csELIaWaYNutsEuAhZrtOjozA==",
      "dependencies": {
        "@kwsites/file-exists": "^1.1.1",
        "@kwsites/promise-deferred": "^1.1.1",
        "debug": "^4.3.5"
      },
      "funding": {
        "type": "github",
        "url": "https://github.com/steveukx/git-js?sponsor=1"
      }
    },
    "node_modules/sparkline": {
      "version": "0.1.2",
      "resolved": "https://registry.npmjs.org/sparkline/-/sparkline-0.1.2.tgz",
      "integrity": "sha512-t//aVOiWt9fi/e22ea1vXVWBDX+gp18y+Ch9sKqmHl828bRfvP2VtfTJVEcgWFBQHd0yDPNQRiHdqzCvbcYSDA==",
      "dependencies": {
        "here": "0.0.2",
        "nopt": "~2.1.2"
      },
      "bin": {
        "sparkline": "bin/sparkline"
      },
      "engines": {
        "node": ">= 0.8.0"
      }
    },
    "node_modules/string_decoder": {
      "version": "0.10.31",
      "resolved": "https://registry.npmjs.org/string_decoder/-/string_decoder-0.10.31.tgz",
      "integrity": "sha512-ev2QzSzWPYmy9GuqfIVildA4OdcGLeFZQrq5ys6RtiuF+RQQiZWr8TZNyAcuVXyQRYfEO+MsoB/1BuQVhOJuoQ=="
    },
    "node_modules/string-width": {
      "version": "4.2.3",
      "resolved": "https://registry.npmjs.org/string-width/-/string-width-4.2.3.tgz",
      "integrity": "sha512-wKyQRQpjJ0sIp62ErSZdGsjMJWsap5oRNihHhu6G7JVO/9jIB6UyevL+tXuOqrng8j/cxKTWyWUwvSTriiZz/g==",
      "dependencies": {
        "emoji-regex": "^8.0.0",
        "is-fullwidth-code-point": "^3.0.0",
        "strip-ansi": "^6.0.1"
      },
      "engines": {
        "node": ">=8"
      }
    },
    "node_modules/string-width/node_modules/ansi-regex": {
      "version": "5.0.1",
      "resolved": "https://registry.npmjs.org/ansi-regex/-/ansi-regex-5.0.1.tgz",
      "integrity": "sha512-quJQXlTSUGL2LH9SUXo8VwsY4soanhgo6LNSm84E1LBcE8s3O0wpdiRzyR9z/ZZJMlMWv37qOOb9pdJlMUEKFQ==",
      "engines": {
        "node": ">=8"
      }
    },
    "node_modules/string-width/node_modules/strip-ansi": {
      "version": "6.0.1",
      "resolved": "https://registry.npmjs.org/strip-ansi/-/strip-ansi-6.0.1.tgz",
      "integrity": "sha512-Y38VPSHcqkFrCpFnQ9vuSXmquuv5oXOKpGeT6aGrr3o3Gc9AlVa6JBfUSOCnbxGGZF+/0ooI7KrPuUSztUdU5A==",
      "dependencies": {
        "ansi-regex": "^5.0.1"
      },
      "engines": {
        "node": ">=8"
      }
    },
    "node_modules/strip-ansi": {
      "version": "3.0.1",
      "resolved": "https://registry.npmjs.org/strip-ansi/-/strip-ansi-3.0.1.tgz",
      "integrity": "sha512-VhumSSbBqDTP8p2ZLKj40UjBCV4+v8bUSEpUb4KjRgWk9pbqGF4REFj6KEagidb2f/M6AzC0EmFyDNGaw9OCzg==",
      "dependencies": {
        "ansi-regex": "^2.0.0"
      },
      "engines": {
        "node": ">=0.10.0"
      }
    },
    "node_modules/supports-color": {
      "version": "2.0.0",
      "resolved": "https://registry.npmjs.org/supports-color/-/supports-color-2.0.0.tgz",
      "integrity": "sha512-KKNVtd6pCYgPIKU4cp2733HWYCpplQhddZLBUryaAHou723x+FRzQ5Df824Fj+IyyuiQTRoub4SnIFfIcrp70g==",
      "engines": {
        "node": ">=0.8.0"
      }
    },
    "node_modules/supports-hyperlinks": {
      "version": "2.3.0",
      "resolved": "https://registry.npmjs.org/supports-hyperlinks/-/supports-hyperlinks-2.3.0.tgz",
      "integrity": "sha512-RpsAZlpWcDwOPQA22aCH4J0t7L8JmAvsCxfOSEwm7cQs3LshN36QaTkwd70DnBOXDWGssw2eUoc8CaRWT0XunA==",
      "dependencies": {
        "has-flag": "^4.0.0",
        "supports-color": "^7.0.0"
      },
      "engines": {
        "node": ">=8"
      }
    },
    "node_modules/supports-hyperlinks/node_modules/supports-color": {
      "version": "7.2.0",
      "resolved": "https://registry.npmjs.org/supports-color/-/supports-color-7.2.0.tgz",
      "integrity": "sha512-qpCAvRl9stuOHveKsn7HncJRvv501qIacKzQlO/+Lwxc9+0q2wLyv4Dfvt80/DPn2pqOBsJdDiogXGR9+OvwRw==",
      "dependencies": {
        "has-flag": "^4.0.0"
      },
      "engines": {
        "node": ">=8"
      }
    },
    "node_modules/systeminformation": {
      "version": "5.23.5",
      "resolved": "https://registry.npmjs.org/systeminformation/-/systeminformation-5.23.5.tgz",
      "integrity": "sha512-PEpJwhRYxZgBCAlWZhWIgfMTjXLqfcaZ1pJsJn9snWNfBW/Z1YQg1mbIUSWrEV3ErAHF7l/OoVLQeaZDlPzkpA==",
      "os": [
        "darwin",
        "linux",
        "win32",
        "freebsd",
        "openbsd",
        "netbsd",
        "sunos",
        "android"
      ],
      "bin": {
        "systeminformation": "lib/cli.js"
      },
      "engines": {
        "node": ">=8.0.0"
      },
      "funding": {
        "type": "Buy me a coffee",
        "url": "https://www.buymeacoffee.com/systeminfo"
      }
    },
    "node_modules/term-canvas": {
      "version": "0.0.5",
      "resolved": "https://registry.npmjs.org/term-canvas/-/term-canvas-0.0.5.tgz",
      "integrity": "sha512-eZ3rIWi5yLnKiUcsW8P79fKyooaLmyLWAGqBhFspqMxRNUiB4GmHHk5AzQ4LxvFbJILaXqQZLwbbATLOhCFwkw=="
    },
    "node_modules/viem": {
      "version": "2.21.32",
      "resolved": "https://registry.npmjs.org/viem/-/viem-2.21.32.tgz",
      "integrity": "sha512-2oXt5JNIb683oy7C8wuIJ/SeL3XtHVMEQpy1U2TA6WMnJQ4ScssRvyPwYLcaP6mKlrGXE/cR/V7ncWpvLUVPYQ==",
      "funding": [
        {
          "type": "github",
          "url": "https://github.com/sponsors/wevm"
        }
      ],
      "dependencies": {
        "@adraffy/ens-normalize": "1.11.0",
        "@noble/curves": "1.6.0",
        "@noble/hashes": "1.5.0",
        "@scure/bip32": "1.5.0",
        "@scure/bip39": "1.4.0",
        "abitype": "1.0.6",
        "isows": "1.0.6",
        "webauthn-p256": "0.0.10",
        "ws": "8.18.0"
      },
      "peerDependencies": {
        "typescript": ">=5.0.4"
      },
      "peerDependenciesMeta": {
        "typescript": {
          "optional": true
        }
      }
    },
    "node_modules/web-streams-polyfill": {
      "version": "3.3.3",
      "resolved": "https://registry.npmjs.org/web-streams-polyfill/-/web-streams-polyfill-3.3.3.tgz",
      "integrity": "sha512-d2JWLCivmZYTSIoge9MsgFCZrt571BikcWGYkjC1khllbTeDlGqZ2D8vD8E/lJa8WGWbb7Plm8/XJYV7IJHZZw==",
      "engines": {
        "node": ">= 8"
      }
    },
    "node_modules/webauthn-p256": {
      "version": "0.0.10",
      "resolved": "https://registry.npmjs.org/webauthn-p256/-/webauthn-p256-0.0.10.tgz",
      "integrity": "sha512-EeYD+gmIT80YkSIDb2iWq0lq2zbHo1CxHlQTeJ+KkCILWpVy3zASH3ByD4bopzfk0uCwXxLqKGLqp2W4O28VFA==",
      "funding": [
        {
          "type": "github",
          "url": "https://github.com/sponsors/wevm"
        }
      ],
      "dependencies": {
        "@noble/curves": "^1.4.0",
        "@noble/hashes": "^1.4.0"
      }
    },
    "node_modules/wordwrap": {
      "version": "0.0.3",
      "resolved": "https://registry.npmjs.org/wordwrap/-/wordwrap-0.0.3.tgz",
      "integrity": "sha512-1tMA907+V4QmxV7dbRvb4/8MaRALK6q9Abid3ndMYnbyo8piisCmeONVqVSXqQA3KaP4SLt5b7ud6E2sqP8TFw==",
      "engines": {
        "node": ">=0.4.0"
      }
    },
    "node_modules/ws": {
      "version": "8.18.0",
      "resolved": "https://registry.npmjs.org/ws/-/ws-8.18.0.tgz",
      "integrity": "sha512-8VbfWfHLbbwu3+N6OKsOMpBdT4kXPDDB9cJk2bJ6mh9ucxdlnNvH1e+roYkKmN9Nxw2yjz7VzeO9oOz2zJ04Pw==",
      "engines": {
        "node": ">=10.0.0"
      },
      "peerDependencies": {
        "bufferutil": "^4.0.1",
        "utf-8-validate": ">=5.0.2"
      },
      "peerDependenciesMeta": {
        "bufferutil": {
          "optional": true
        },
        "utf-8-validate": {
          "optional": true
        }
      }
    },
    "node_modules/x256": {
      "version": "0.0.2",
      "resolved": "https://registry.npmjs.org/x256/-/x256-0.0.2.tgz",
      "integrity": "sha512-ZsIH+sheoF8YG9YG+QKEEIdtqpHRA9FYuD7MqhfyB1kayXU43RUNBFSxBEnF8ywSUxdg+8no4+bPr5qLbyxKgA==",
      "engines": {
        "node": ">=0.4.0"
      }
    },
    "node_modules/xml2js": {
      "version": "0.4.23",
      "resolved": "https://registry.npmjs.org/xml2js/-/xml2js-0.4.23.tgz",
      "integrity": "sha512-ySPiMjM0+pLDftHgXY4By0uswI3SPKLDw/i3UXbnO8M/p28zqexCUoPmQFrYD+/1BzhGJSs2i1ERWKJAtiLrug==",
      "dependencies": {
        "sax": ">=0.6.0",
        "xmlbuilder": "~11.0.0"
      },
      "engines": {
        "node": ">=4.0.0"
      }
    },
    "node_modules/xmlbuilder": {
      "version": "11.0.1",
      "resolved": "https://registry.npmjs.org/xmlbuilder/-/xmlbuilder-11.0.1.tgz",
      "integrity": "sha512-fDlsI/kFEx7gLvbecc0/ohLG50fugQp8ryHzMTuW9vSa1GJ0XYWKnhsUx7oie3G98+r56aTQIUB4kht42R3JvA==",
      "engines": {
        "node": ">=4.0"
      }
    }
  }
}
